
Microsoft Visual Studio Solution File, Format Version 12.00
# Visual Studio 15
VisualStudioVersion = 15.0.28307.421
MinimumVisualStudioVersion = 10.0.40219.1
Project("{FAE04EC0-301F-11D3-BF4B-00C04F79EFBC}") = "Gluttonous Snake", "Gluttonous Snake\Gluttonous Snake.csproj", "{A0E4DF32-6AB1-4A3A-9418-6A890B86C2CE}"
EndProject
Project("{FAE04EC0-301F-11D3-BF4B-00C04F79EFBC}") = "Model", "Map_Model\Model.csproj", "{3BD6FE02-41E1-4B95-B5A7-8691FDF6CB2C}"
EndProject
Project("{FAE04EC0-301F-11D3-BF4B-00C04F79EFBC}") = "Helper", "Helper\Helper.csproj", "{868C503C-22A8-446F-8D4A-0B7DCE93A3E8}"
EndProject
Global
	GlobalSection(SolutionConfigurationPlatforms) = preSolution
		Debug|Any CPU = Debug|Any CPU
		Debug|x64 = Debug|x64
		Debug|x86 = Debug|x86
		Release|Any CPU = Release|Any CPU
		Release|x64 = Release|x64
		Release|x86 = Release|x86
	EndGlobalSection
	GlobalSection(ProjectConfigurationPlatforms) = postSolution
		{A0E4DF32-6AB1-4A3A-9418-6A890B86C2CE}.Debug|Any CPU.ActiveCfg = Debug|Any CPU
		{A0E4DF32-6AB1-4A3A-9418-6A890B86C2CE}.Debug|Any CPU.Build.0 = Debug|Any CPU
		{A0E4DF32-6AB1-4A3A-9418-6A890B86C2CE}.Debug|x64.ActiveCfg = Debug|Any CPU
		{A0E4DF32-6AB1-4A3A-9418-6A890B86C2CE}.Debug|x64.Build.0 = Debug|Any CPU
		{A0E4DF32-6AB1-4A3A-9418-6A890B86C2CE}.Debug|x86.ActiveCfg = Debug|Any CPU
		{A0E4DF32-6AB1-4A3A-9418-6A890B86C2CE}.Debug|x86.Build.0 = Debug|Any CPU
		{A0E4DF32-6AB1-4A3A-9418-6A890B86C2CE}.Release|Any CPU.ActiveCfg = Release|Any CPU
		{A0E4DF32-6AB1-4A3A-9418-6A890B86C2CE}.Release|Any CPU.Build.0 = Release|Any CPU
		{A0E4DF32-6AB1-4A3A-9418-6A890B86C2CE}.Release|x64.ActiveCfg = Release|Any CPU
		{A0E4DF32-6AB1-4A3A-9418-6A890B86C2CE}.Release|x64.Build.0 = Release|Any CPU
		{A0E4DF32-6AB1-4A3A-9418-6A890B86C2CE}.Release|x86.ActiveCfg = Release|Any CPU
		{A0E4DF32-6AB1-4A3A-9418-6A890B86C2CE}.Release|x86.Build.0 = Release|Any CPU
		{3BD6FE02-41E1-4B95-B5A7-8691FDF6CB2C}.Debug|Any CPU.ActiveCfg = Debug|Any CPU
		{3BD6FE02-41E1-4B95-B5A7-8691FDF6CB2C}.Debug|Any CPU.Build.0 = Debug|Any CPU
		{3BD6FE02-41E1-4B95-B5A7-8691FDF6CB2C}.Debug|x64.ActiveCfg = Debug|Any CPU
		{3BD6FE02-41E1-4B95-B5A7-8691FDF6CB2C}.Debug|x64.Build.0 = Debug|Any CPU
		{3BD6FE02-41E1-4B95-B5A7-8691FDF6CB2C}.Debug|x86.ActiveCfg = Debug|Any CPU
		{3BD6FE02-41E1-4B95-B5A7-8691FDF6CB2C}.Debug|x86.Build.0 = Debug|Any CPU
		{3BD6FE02-41E1-4B95-B5A7-8691FDF6CB2C}.Release|Any CPU.ActiveCfg = Release|Any CPU
		{3BD6FE02-41E1-4B95-B5A7-8691FDF6CB2C}.Release|Any CPU.Build.0 = Release|Any CPU
		{3BD6FE02-41E1-4B95-B5A7-8691FDF6CB2C}.Release|x64.ActiveCfg = Release|Any CPU
		{3BD6FE02-41E1-4B95-B5A7-8691FDF6CB2C}.Release|x64.Build.0 = Release|Any CPU
		{3BD6FE02-41E1-4B95-B5A7-8691FDF6CB2C}.Release|x86.ActiveCfg = Release|Any CPU
		{3BD6FE02-41E1-4B95-B5A7-8691FDF6CB2C}.Release|x86.Build.0 = Release|Any CPU
		{868C503C-22A8-446F-8D4A-0B7DCE93A3E8}.Debug|Any CPU.ActiveCfg = Debug|Any CPU
		{868C503C-22A8-446F-8D4A-0B7DCE93A3E8}.Debug|Any CPU.Build.0 = Debug|Any CPU
		{868C503C-22A8-446F-8D4A-0B7DCE93A3E8}.Debug|x64.ActiveCfg = Debug|Any CPU
		{868C503C-22A8-446F-8D4A-0B7DCE93A3E8}.Debug|x64.Build.0 = Debug|Any CPU
		{868C503C-22A8-446F-8D4A-0B7DCE93A3E8}.Debug|x86.ActiveCfg = Debug|Any CPU
		{868C503C-22A8-446F-8D4A-0B7DCE93A3E8}.Debug|x86.Build.0 = Debug|Any CPU
		{868C503C-22A8-446F-8D4A-0B7DCE93A3E8}.Release|Any CPU.ActiveCfg = Release|Any CPU
		{868C503C-22A8-446F-8D4A-0B7DCE93A3E8}.Release|Any CPU.Build.0 = Release|Any CPU
		{868C503C-22A8-446F-8D4A-0B7DCE93A3E8}.Release|x64.ActiveCfg = Release|Any CPU
		{868C503C-22A8-446F-8D4A-0B7DCE93A3E8}.Release|x64.Build.0 = Release|Any CPU
		{868C503C-22A8-446F-8D4A-0B7DCE93A3E8}.Release|x86.ActiveCfg = Release|Any CPU
		{868C503C-22A8-446F-8D4A-0B7DCE93A3E8}.Release|x86.Build.0 = Release|Any CPU
	EndGlobalSection
	GlobalSection(SolutionProperties) = preSolution
		HideSolutionNode = FALSE
	EndGlobalSection
	GlobalSection(ExtensibilityGlobals) = postSolution
		SolutionGuid = {E35AFDE2-C7C1-4F09-A8AE-54C0A85906E6}
	EndGlobalSection
EndGlobal
